// !$*UTF8*$!
{
	archiveVersion = 1;
	classes = {
	};
	objectVersion = 55;
	objects = {

/* Begin PBXBuildFile section */
		FA18C009274195DA006069D0 /* AppDelegate.swift in Sources */ = {isa = PBXBuildFile; fileRef = FA18C008274195DA006069D0 /* AppDelegate.swift */; };
		FA18C00D274195DA006069D0 /* Main.html in Resources */ = {isa = PBXBuildFile; fileRef = FA18C00B274195DA006069D0 /* Main.html */; };
		FA18C011274195DA006069D0 /* Style.css in Resources */ = {isa = PBXBuildFile; fileRef = FA18C010274195DA006069D0 /* Style.css */; };
		FA18C013274195DA006069D0 /* Script.js in Resources */ = {isa = PBXBuildFile; fileRef = FA18C012274195DA006069D0 /* Script.js */; };
		FA18C015274195DA006069D0 /* ViewController.swift in Sources */ = {isa = PBXBuildFile; fileRef = FA18C014274195DA006069D0 /* ViewController.swift */; };
		FA18C018274195DA006069D0 /* Main.storyboard in Resources */ = {isa = PBXBuildFile; fileRef = FA18C016274195DA006069D0 /* Main.storyboard */; };
		FA18C01A274195DB006069D0 /* Assets.xcassets in Resources */ = {isa = PBXBuildFile; fileRef = FA18C019274195DB006069D0 /* Assets.xcassets */; };
		FA18C022274195DB006069D0 /* Save to Liksort Extension.appex in Embed App Extensions */ = {isa = PBXBuildFile; fileRef = FA18C021274195DB006069D0 /* Save to Liksort Extension.appex */; settings = {ATTRIBUTES = (RemoveHeadersOnCopy, ); }; };
		FA18C027274195DB006069D0 /* SafariWebExtensionHandler.swift in Sources */ = {isa = PBXBuildFile; fileRef = FA18C026274195DB006069D0 /* SafariWebExtensionHandler.swift */; };
		FA18C05427419794006069D0 /* options.html in Resources */ = {isa = PBXBuildFile; fileRef = FA18C04427419794006069D0 /* options.html */; };
		FA18C05527419794006069D0 /* manifest.json in Resources */ = {isa = PBXBuildFile; fileRef = FA18C04527419794006069D0 /* manifest.json */; };
		FA18C05627419794006069D0 /* options.js in Resources */ = {isa = PBXBuildFile; fileRef = FA18C04627419794006069D0 /* options.js */; };
		FA18C05727419794006069D0 /* popover.html in Resources */ = {isa = PBXBuildFile; fileRef = FA18C04727419794006069D0 /* popover.html */; };
		FA18C05827419794006069D0 /* icon-32x32.png in Resources */ = {isa = PBXBuildFile; fileRef = FA18C04827419794006069D0 /* icon-32x32.png */; };
		FA18C05927419794006069D0 /* icon-512x512.png in Resources */ = {isa = PBXBuildFile; fileRef = FA18C04927419794006069D0 /* icon-512x512.png */; };
		FA18C05A27419794006069D0 /* icon-48x48.png in Resources */ = {isa = PBXBuildFile; fileRef = FA18C04A27419794006069D0 /* icon-48x48.png */; };
		FA18C05B27419794006069D0 /* options.css in Resources */ = {isa = PBXBuildFile; fileRef = FA18C04B27419794006069D0 /* options.css */; };
		FA18C05C27419794006069D0 /* inter-regular.woff2 in Resources */ = {isa = PBXBuildFile; fileRef = FA18C04C27419794006069D0 /* inter-regular.woff2 */; };
		FA18C05D27419794006069D0 /* inter-regular.woff in Resources */ = {isa = PBXBuildFile; fileRef = FA18C04D27419794006069D0 /* inter-regular.woff */; };
		FA18C05E27419794006069D0 /* inter-medium.woff2 in Resources */ = {isa = PBXBuildFile; fileRef = FA18C04E27419794006069D0 /* inter-medium.woff2 */; };
		FA18C05F27419794006069D0 /* icon-256x256.png in Resources */ = {isa = PBXBuildFile; fileRef = FA18C04F27419794006069D0 /* icon-256x256.png */; };
		FA18C06027419794006069D0 /* hushed-face.svg in Resources */ = {isa = PBXBuildFile; fileRef = FA18C05027419794006069D0 /* hushed-face.svg */; };
		FA18C06127419794006069D0 /* popover.css in Resources */ = {isa = PBXBuildFile; fileRef = FA18C05127419794006069D0 /* popover.css */; };
		FA18C06227419794006069D0 /* popover.js in Resources */ = {isa = PBXBuildFile; fileRef = FA18C05227419794006069D0 /* popover.js */; };
		FA18C06327419794006069D0 /* inter-medium.woff in Resources */ = {isa = PBXBuildFile; fileRef = FA18C05327419794006069D0 /* inter-medium.woff */; };
		FA18C06527419CDD006069D0 /* Icon.png in Resources */ = {isa = PBXBuildFile; fileRef = FA18C06427419CDD006069D0 /* Icon.png */; };
/* End PBXBuildFile section */

/* Begin PBXContainerItemProxy section */
		FA18C023274195DB006069D0 /* PBXContainerItemProxy */ = {
			isa = PBXContainerItemProxy;
			containerPortal = FA18BFFD274195DA006069D0 /* Project object */;
			proxyType = 1;
			remoteGlobalIDString = FA18C020274195DB006069D0;
			remoteInfo = "Save to Liksort Extension";
		};
/* End PBXContainerItemProxy section */

/* Begin PBXCopyFilesBuildPhase section */
		FA18C040274195DB006069D0 /* Embed App Extensions */ = {
			isa = PBXCopyFilesBuildPhase;
			buildActionMask = 2147483647;
			dstPath = "";
			dstSubfolderSpec = 13;
			files = (
				FA18C022274195DB006069D0 /* Save to Liksort Extension.appex in Embed App Extensions */,
			);
			name = "Embed App Extensions";
			runOnlyForDeploymentPostprocessing = 0;
		};
/* End PBXCopyFilesBuildPhase section */

/* Begin PBXFileReference section */
		FA18C005274195DA006069D0 /* Save to Liksort.app */ = {isa = PBXFileReference; explicitFileType = wrapper.application; includeInIndex = 0; path = "Save to Liksort.app"; sourceTree = BUILT_PRODUCTS_DIR; };
		FA18C008274195DA006069D0 /* AppDelegate.swift */ = {isa = PBXFileReference; lastKnownFileType = sourcecode.swift; path = AppDelegate.swift; sourceTree = "<group>"; };
		FA18C00C274195DA006069D0 /* Base */ = {isa = PBXFileReference; lastKnownFileType = text.html; name = Base; path = ../Base.lproj/Main.html; sourceTree = "<group>"; };
		FA18C010274195DA006069D0 /* Style.css */ = {isa = PBXFileReference; lastKnownFileType = text.css; path = Style.css; sourceTree = "<group>"; };
		FA18C012274195DA006069D0 /* Script.js */ = {isa = PBXFileReference; lastKnownFileType = sourcecode.javascript; path = Script.js; sourceTree = "<group>"; };
		FA18C014274195DA006069D0 /* ViewController.swift */ = {isa = PBXFileReference; lastKnownFileType = sourcecode.swift; path = ViewController.swift; sourceTree = "<group>"; };
		FA18C017274195DA006069D0 /* Base */ = {isa = PBXFileReference; lastKnownFileType = file.storyboard; name = Base; path = Base.lproj/Main.storyboard; sourceTree = "<group>"; };
		FA18C019274195DB006069D0 /* Assets.xcassets */ = {isa = PBXFileReference; lastKnownFileType = folder.assetcatalog; path = Assets.xcassets; sourceTree = "<group>"; };
		FA18C01B274195DB006069D0 /* Save_to_Liksort.entitlements */ = {isa = PBXFileReference; lastKnownFileType = text.plist.entitlements; path = Save_to_Liksort.entitlements; sourceTree = "<group>"; };
		FA18C01C274195DB006069D0 /* Save to Liksort.entitlements */ = {isa = PBXFileReference; lastKnownFileType = text.plist.entitlements; path = "Save to Liksort.entitlements"; sourceTree = "<group>"; };
		FA18C021274195DB006069D0 /* Save to Liksort Extension.appex */ = {isa = PBXFileReference; explicitFileType = "wrapper.app-extension"; includeInIndex = 0; path = "Save to Liksort Extension.appex"; sourceTree = BUILT_PRODUCTS_DIR; };
		FA18C026274195DB006069D0 /* SafariWebExtensionHandler.swift */ = {isa = PBXFileReference; lastKnownFileType = sourcecode.swift; path = SafariWebExtensionHandler.swift; sourceTree = "<group>"; };
		FA18C039274195DB006069D0 /* Info.plist */ = {isa = PBXFileReference; lastKnownFileType = text.plist.xml; path = Info.plist; sourceTree = "<group>"; };
		FA18C03A274195DB006069D0 /* Save_to_Liksort_Extension.entitlements */ = {isa = PBXFileReference; lastKnownFileType = text.plist.entitlements; path = Save_to_Liksort_Extension.entitlements; sourceTree = "<group>"; };
		FA18C04427419794006069D0 /* options.html */ = {isa = PBXFileReference; fileEncoding = 4; lastKnownFileType = text.html; path = options.html; sourceTree = "<group>"; };
		FA18C04527419794006069D0 /* manifest.json */ = {isa = PBXFileReference; fileEncoding = 4; lastKnownFileType = text.json; path = manifest.json; sourceTree = "<group>"; };
		FA18C04627419794006069D0 /* options.js */ = {isa = PBXFileReference; fileEncoding = 4; lastKnownFileType = sourcecode.javascript; path = options.js; sourceTree = "<group>"; };
		FA18C04727419794006069D0 /* popover.html */ = {isa = PBXFileReference; fileEncoding = 4; lastKnownFileType = text.html; path = popover.html; sourceTree = "<group>"; };
		FA18C04827419794006069D0 /* icon-32x32.png */ = {isa = PBXFileReference; lastKnownFileType = image.png; path = "icon-32x32.png"; sourceTree = "<group>"; };
		FA18C04927419794006069D0 /* icon-512x512.png */ = {isa = PBXFileReference; lastKnownFileType = image.png; path = "icon-512x512.png"; sourceTree = "<group>"; };
		FA18C04A27419794006069D0 /* icon-48x48.png */ = {isa = PBXFileReference; lastKnownFileType = image.png; path = "icon-48x48.png"; sourceTree = "<group>"; };
		FA18C04B27419794006069D0 /* options.css */ = {isa = PBXFileReference; fileEncoding = 4; lastKnownFileType = text.css; path = options.css; sourceTree = "<group>"; };
		FA18C04C27419794006069D0 /* inter-regular.woff2 */ = {isa = PBXFileReference; lastKnownFileType = file; path = "inter-regular.woff2"; sourceTree = "<group>"; };
		FA18C04D27419794006069D0 /* inter-regular.woff */ = {isa = PBXFileReference; lastKnownFileType = file; path = "inter-regular.woff"; sourceTree = "<group>"; };
		FA18C04E27419794006069D0 /* inter-medium.woff2 */ = {isa = PBXFileReference; lastKnownFileType = file; path = "inter-medium.woff2"; sourceTree = "<group>"; };
		FA18C04F27419794006069D0 /* icon-256x256.png */ = {isa = PBXFileReference; lastKnownFileType = image.png; path = "icon-256x256.png"; sourceTree = "<group>"; };
		FA18C05027419794006069D0 /* hushed-face.svg */ = {isa = PBXFileReference; fileEncoding = 4; lastKnownFileType = text; path = "hushed-face.svg"; sourceTree = "<group>"; };
		FA18C05127419794006069D0 /* popover.css */ = {isa = PBXFileReference; fileEncoding = 4; lastKnownFileType = text.css; path = popover.css; sourceTree = "<group>"; };
		FA18C05227419794006069D0 /* popover.js */ = {isa = PBXFileReference; fileEncoding = 4; lastKnownFileType = sourcecode.javascript; path = popover.js; sourceTree = "<group>"; };
		FA18C05327419794006069D0 /* inter-medium.woff */ = {isa = PBXFileReference; lastKnownFileType = file; path = "inter-medium.woff"; sourceTree = "<group>"; };
		FA18C06427419CDD006069D0 /* Icon.png */ = {isa = PBXFileReference; lastKnownFileType = image.png; path = Icon.png; sourceTree = "<group>"; };
/* End PBXFileReference section */

/* Begin PBXFrameworksBuildPhase section */
		FA18C002274195DA006069D0 /* Frameworks */ = {
			isa = PBXFrameworksBuildPhase;
			buildActionMask = 2147483647;
			files = (
			);
			runOnlyForDeploymentPostprocessing = 0;
		};
		FA18C01E274195DB006069D0 /* Frameworks */ = {
			isa = PBXFrameworksBuildPhase;
			buildActionMask = 2147483647;
			files = (
			);
			runOnlyForDeploymentPostprocessing = 0;
		};
/* End PBXFrameworksBuildPhase section */

/* Begin PBXGroup section */
		FA18BFFC274195DA006069D0 = {
			isa = PBXGroup;
			children = (
				FA18C007274195DA006069D0 /* Save to Liksort */,
				FA18C025274195DB006069D0 /* Save to Liksort Extension */,
				FA18C006274195DA006069D0 /* Products */,
			);
			sourceTree = "<group>";
		};
		FA18C006274195DA006069D0 /* Products */ = {
			isa = PBXGroup;
			children = (
				FA18C005274195DA006069D0 /* Save to Liksort.app */,
				FA18C021274195DB006069D0 /* Save to Liksort Extension.appex */,
			);
			name = Products;
			sourceTree = "<group>";
		};
		FA18C007274195DA006069D0 /* Save to Liksort */ = {
			isa = PBXGroup;
			children = (
				FA18C008274195DA006069D0 /* AppDelegate.swift */,
				FA18C014274195DA006069D0 /* ViewController.swift */,
				FA18C016274195DA006069D0 /* Main.storyboard */,
				FA18C019274195DB006069D0 /* Assets.xcassets */,
				FA18C01B274195DB006069D0 /* Save_to_Liksort.entitlements */,
				FA18C01C274195DB006069D0 /* Save to Liksort.entitlements */,
				FA18C00A274195DA006069D0 /* Resources */,
			);
			path = "Save to Liksort";
			sourceTree = "<group>";
		};
		FA18C00A274195DA006069D0 /* Resources */ = {
			isa = PBXGroup;
			children = (
				FA18C00B274195DA006069D0 /* Main.html */,
				FA18C06427419CDD006069D0 /* Icon.png */,
				FA18C010274195DA006069D0 /* Style.css */,
				FA18C012274195DA006069D0 /* Script.js */,
			);
			path = Resources;
			sourceTree = "<group>";
		};
		FA18C025274195DB006069D0 /* Save to Liksort Extension */ = {
			isa = PBXGroup;
			children = (
				FA18C026274195DB006069D0 /* SafariWebExtensionHandler.swift */,
				FA18C039274195DB006069D0 /* Info.plist */,
				FA18C03A274195DB006069D0 /* Save_to_Liksort_Extension.entitlements */,
				FA18C028274195DB006069D0 /* Resources */,
			);
			path = "Save to Liksort Extension";
			sourceTree = "<group>";
		};
		FA18C028274195DB006069D0 /* Resources */ = {
			isa = PBXGroup;
			children = (
				FA18C05027419794006069D0 /* hushed-face.svg */,
				FA18C04827419794006069D0 /* icon-32x32.png */,
				FA18C04A27419794006069D0 /* icon-48x48.png */,
				FA18C04F27419794006069D0 /* icon-256x256.png */,
				FA18C04927419794006069D0 /* icon-512x512.png */,
				FA18C05327419794006069D0 /* inter-medium.woff */,
				FA18C04E27419794006069D0 /* inter-medium.woff2 */,
				FA18C04D27419794006069D0 /* inter-regular.woff */,
				FA18C04C27419794006069D0 /* inter-regular.woff2 */,
				FA18C04527419794006069D0 /* manifest.json */,
				FA18C04B27419794006069D0 /* options.css */,
				FA18C04427419794006069D0 /* options.html */,
				FA18C04627419794006069D0 /* options.js */,
				FA18C05127419794006069D0 /* popover.css */,
				FA18C04727419794006069D0 /* popover.html */,
				FA18C05227419794006069D0 /* popover.js */,
			);
			path = Resources;
			sourceTree = "<group>";
		};
/* End PBXGroup section */

/* Begin PBXNativeTarget section */
		FA18C004274195DA006069D0 /* Save to Liksort */ = {
			isa = PBXNativeTarget;
			buildConfigurationList = FA18C041274195DB006069D0 /* Build configuration list for PBXNativeTarget "Save to Liksort" */;
			buildPhases = (
				FA18C001274195DA006069D0 /* Sources */,
				FA18C002274195DA006069D0 /* Frameworks */,
				FA18C003274195DA006069D0 /* Resources */,
				FA18C040274195DB006069D0 /* Embed App Extensions */,
			);
			buildRules = (
			);
			dependencies = (
				FA18C024274195DB006069D0 /* PBXTargetDependency */,
			);
			name = "Save to Liksort";
			productName = "Save to Liksort";
			productReference = FA18C005274195DA006069D0 /* Save to Liksort.app */;
			productType = "com.apple.product-type.application";
		};
		FA18C020274195DB006069D0 /* Save to Liksort Extension */ = {
			isa = PBXNativeTarget;
			buildConfigurationList = FA18C03D274195DB006069D0 /* Build configuration list for PBXNativeTarget "Save to Liksort Extension" */;
			buildPhases = (
				FA18C01D274195DB006069D0 /* Sources */,
				FA18C01E274195DB006069D0 /* Frameworks */,
				FA18C01F274195DB006069D0 /* Resources */,
			);
			buildRules = (
			);
			dependencies = (
			);
			name = "Save to Liksort Extension";
			productName = "Save to Liksort Extension";
			productReference = FA18C021274195DB006069D0 /* Save to Liksort Extension.appex */;
			productType = "com.apple.product-type.app-extension";
		};
/* End PBXNativeTarget section */

/* Begin PBXProject section */
		FA18BFFD274195DA006069D0 /* Project object */ = {
			isa = PBXProject;
			attributes = {
				BuildIndependentTargetsInParallel = 1;
				LastSwiftUpdateCheck = 1310;
				LastUpgradeCheck = 1310;
				TargetAttributes = {
					FA18C004274195DA006069D0 = {
						CreatedOnToolsVersion = 13.1;
					};
					FA18C020274195DB006069D0 = {
						CreatedOnToolsVersion = 13.1;
					};
				};
			};
			buildConfigurationList = FA18C000274195DA006069D0 /* Build configuration list for PBXProject "Save to Liksort" */;
			compatibilityVersion = "Xcode 13.0";
			developmentRegion = en;
			hasScannedForEncodings = 0;
			knownRegions = (
				en,
				Base,
			);
			mainGroup = FA18BFFC274195DA006069D0;
			productRefGroup = FA18C006274195DA006069D0 /* Products */;
			projectDirPath = "";
			projectRoot = "";
			targets = (
				FA18C004274195DA006069D0 /* Save to Liksort */,
				FA18C020274195DB006069D0 /* Save to Liksort Extension */,
			);
		};
/* End PBXProject section */

/* Begin PBXResourcesBuildPhase section */
		FA18C003274195DA006069D0 /* Resources */ = {
			isa = PBXResourcesBuildPhase;
			buildActionMask = 2147483647;
			files = (
				FA18C018274195DA006069D0 /* Main.storyboard in Resources */,
				FA18C013274195DA006069D0 /* Script.js in Resources */,
				FA18C00D274195DA006069D0 /* Main.html in Resources */,
				FA18C01A274195DB006069D0 /* Assets.xcassets in Resources */,
				FA18C06527419CDD006069D0 /* Icon.png in Resources */,
				FA18C011274195DA006069D0 /* Style.css in Resources */,
			);
			runOnlyForDeploymentPostprocessing = 0;
		};
		FA18C01F274195DB006069D0 /* Resources */ = {
			isa = PBXResourcesBuildPhase;
			buildActionMask = 2147483647;
			files = (
				FA18C05527419794006069D0 /* manifest.json in Resources */,
				FA18C06327419794006069D0 /* inter-medium.woff in Resources */,
				FA18C06227419794006069D0 /* popover.js in Resources */,
				FA18C05C27419794006069D0 /* inter-regular.woff2 in Resources */,
				FA18C06027419794006069D0 /* hushed-face.svg in Resources */,
				FA18C05E27419794006069D0 /* inter-medium.woff2 in Resources */,
				FA18C05F27419794006069D0 /* icon-256x256.png in Resources */,
				FA18C05627419794006069D0 /* options.js in Resources */,
				FA18C05727419794006069D0 /* popover.html in Resources */,
				FA18C05A27419794006069D0 /* icon-48x48.png in Resources */,
				FA18C05D27419794006069D0 /* inter-regular.woff in Resources */,
				FA18C05827419794006069D0 /* icon-32x32.png in Resources */,
				FA18C05427419794006069D0 /* options.html in Resources */,
				FA18C06127419794006069D0 /* popover.css in Resources */,
				FA18C05B27419794006069D0 /* options.css in Resources */,
				FA18C05927419794006069D0 /* icon-512x512.png in Resources */,
			);
			runOnlyForDeploymentPostprocessing = 0;
		};
/* End PBXResourcesBuildPhase section */

/* Begin PBXSourcesBuildPhase section */
		FA18C001274195DA006069D0 /* Sources */ = {
			isa = PBXSourcesBuildPhase;
			buildActionMask = 2147483647;
			files = (
				FA18C015274195DA006069D0 /* ViewController.swift in Sources */,
				FA18C009274195DA006069D0 /* AppDelegate.swift in Sources */,
			);
			runOnlyForDeploymentPostprocessing = 0;
		};
		FA18C01D274195DB006069D0 /* Sources */ = {
			isa = PBXSourcesBuildPhase;
			buildActionMask = 2147483647;
			files = (
				FA18C027274195DB006069D0 /* SafariWebExtensionHandler.swift in Sources */,
			);
			runOnlyForDeploymentPostprocessing = 0;
		};
/* End PBXSourcesBuildPhase section */

/* Begin PBXTargetDependency section */
		FA18C024274195DB006069D0 /* PBXTargetDependency */ = {
			isa = PBXTargetDependency;
			target = FA18C020274195DB006069D0 /* Save to Liksort Extension */;
			targetProxy = FA18C023274195DB006069D0 /* PBXContainerItemProxy */;
		};
/* End PBXTargetDependency section */

/* Begin PBXVariantGroup section */
		FA18C00B274195DA006069D0 /* Main.html */ = {
			isa = PBXVariantGroup;
			children = (
				FA18C00C274195DA006069D0 /* Base */,
			);
			name = Main.html;
			sourceTree = "<group>";
		};
		FA18C016274195DA006069D0 /* Main.storyboard */ = {
			isa = PBXVariantGroup;
			children = (
				FA18C017274195DA006069D0 /* Base */,
			);
			name = Main.storyboard;
			sourceTree = "<group>";
		};
/* End PBXVariantGroup section */

/* Begin XCBuildConfiguration section */
		FA18C03B274195DB006069D0 /* Debug */ = {
			isa = XCBuildConfiguration;
			buildSettings = {
				ALWAYS_SEARCH_USER_PATHS = NO;
				CLANG_ANALYZER_NONNULL = YES;
				CLANG_ANALYZER_NUMBER_OBJECT_CONVERSION = YES_AGGRESSIVE;
				CLANG_CXX_LANGUAGE_STANDARD = "gnu++17";
				CLANG_CXX_LIBRARY = "libc++";
				CLANG_ENABLE_MODULES = YES;
				CLANG_ENABLE_OBJC_ARC = YES;
				CLANG_ENABLE_OBJC_WEAK = YES;
				CLANG_WARN_BLOCK_CAPTURE_AUTORELEASING = YES;
				CLANG_WARN_BOOL_CONVERSION = YES;
				CLANG_WARN_COMMA = YES;
				CLANG_WARN_CONSTANT_CONVERSION = YES;
				CLANG_WARN_DEPRECATED_OBJC_IMPLEMENTATIONS = YES;
				CLANG_WARN_DIRECT_OBJC_ISA_USAGE = YES_ERROR;
				CLANG_WARN_DOCUMENTATION_COMMENTS = YES;
				CLANG_WARN_EMPTY_BODY = YES;
				CLANG_WARN_ENUM_CONVERSION = YES;
				CLANG_WARN_INFINITE_RECURSION = YES;
				CLANG_WARN_INT_CONVERSION = YES;
				CLANG_WARN_NON_LITERAL_NULL_CONVERSION = YES;
				CLANG_WARN_OBJC_IMPLICIT_RETAIN_SELF = YES;
				CLANG_WARN_OBJC_LITERAL_CONVERSION = YES;
				CLANG_WARN_OBJC_ROOT_CLASS = YES_ERROR;
				CLANG_WARN_QUOTED_INCLUDE_IN_FRAMEWORK_HEADER = YES;
				CLANG_WARN_RANGE_LOOP_ANALYSIS = YES;
				CLANG_WARN_STRICT_PROTOTYPES = YES;
				CLANG_WARN_SUSPICIOUS_MOVE = YES;
				CLANG_WARN_UNGUARDED_AVAILABILITY = YES_AGGRESSIVE;
				CLANG_WARN_UNREACHABLE_CODE = YES;
				CLANG_WARN__DUPLICATE_METHOD_MATCH = YES;
				COPY_PHASE_STRIP = NO;
				DEBUG_INFORMATION_FORMAT = dwarf;
				ENABLE_STRICT_OBJC_MSGSEND = YES;
				ENABLE_TESTABILITY = YES;
				GCC_C_LANGUAGE_STANDARD = gnu11;
				GCC_DYNAMIC_NO_PIC = NO;
				GCC_NO_COMMON_BLOCKS = YES;
				GCC_OPTIMIZATION_LEVEL = 0;
				GCC_PREPROCESSOR_DEFINITIONS = (
					"DEBUG=1",
					"$(inherited)",
				);
				GCC_WARN_64_TO_32_BIT_CONVERSION = YES;
				GCC_WARN_ABOUT_RETURN_TYPE = YES_ERROR;
				GCC_WARN_UNDECLARED_SELECTOR = YES;
				GCC_WARN_UNINITIALIZED_AUTOS = YES_AGGRESSIVE;
				GCC_WARN_UNUSED_FUNCTION = YES;
				GCC_WARN_UNUSED_VARIABLE = YES;
				MACOSX_DEPLOYMENT_TARGET = 12.0;
				MTL_ENABLE_DEBUG_INFO = INCLUDE_SOURCE;
				MTL_FAST_MATH = YES;
				ONLY_ACTIVE_ARCH = YES;
				SDKROOT = macosx;
				SWIFT_ACTIVE_COMPILATION_CONDITIONS = DEBUG;
				SWIFT_OPTIMIZATION_LEVEL = "-Onone";
			};
			name = Debug;
		};
		FA18C03C274195DB006069D0 /* Release */ = {
			isa = XCBuildConfiguration;
			buildSettings = {
				ALWAYS_SEARCH_USER_PATHS = NO;
				CLANG_ANALYZER_NONNULL = YES;
				CLANG_ANALYZER_NUMBER_OBJECT_CONVERSION = YES_AGGRESSIVE;
				CLANG_CXX_LANGUAGE_STANDARD = "gnu++17";
				CLANG_CXX_LIBRARY = "libc++";
				CLANG_ENABLE_MODULES = YES;
				CLANG_ENABLE_OBJC_ARC = YES;
				CLANG_ENABLE_OBJC_WEAK = YES;
				CLANG_WARN_BLOCK_CAPTURE_AUTORELEASING = YES;
				CLANG_WARN_BOOL_CONVERSION = YES;
				CLANG_WARN_COMMA = YES;
				CLANG_WARN_CONSTANT_CONVERSION = YES;
				CLANG_WARN_DEPRECATED_OBJC_IMPLEMENTATIONS = YES;
				CLANG_WARN_DIRECT_OBJC_ISA_USAGE = YES_ERROR;
				CLANG_WARN_DOCUMENTATION_COMMENTS = YES;
				CLANG_WARN_EMPTY_BODY = YES;
				CLANG_WARN_ENUM_CONVERSION = YES;
				CLANG_WARN_INFINITE_RECURSION = YES;
				CLANG_WARN_INT_CONVERSION = YES;
				CLANG_WARN_NON_LITERAL_NULL_CONVERSION = YES;
				CLANG_WARN_OBJC_IMPLICIT_RETAIN_SELF = YES;
				CLANG_WARN_OBJC_LITERAL_CONVERSION = YES;
				CLANG_WARN_OBJC_ROOT_CLASS = YES_ERROR;
				CLANG_WARN_QUOTED_INCLUDE_IN_FRAMEWORK_HEADER = YES;
				CLANG_WARN_RANGE_LOOP_ANALYSIS = YES;
				CLANG_WARN_STRICT_PROTOTYPES = YES;
				CLANG_WARN_SUSPICIOUS_MOVE = YES;
				CLANG_WARN_UNGUARDED_AVAILABILITY = YES_AGGRESSIVE;
				CLANG_WARN_UNREACHABLE_CODE = YES;
				CLANG_WARN__DUPLICATE_METHOD_MATCH = YES;
				COPY_PHASE_STRIP = NO;
				DEBUG_INFORMATION_FORMAT = "dwarf-with-dsym";
				ENABLE_NS_ASSERTIONS = NO;
				ENABLE_STRICT_OBJC_MSGSEND = YES;
				GCC_C_LANGUAGE_STANDARD = gnu11;
				GCC_NO_COMMON_BLOCKS = YES;
				GCC_WARN_64_TO_32_BIT_CONVERSION = YES;
				GCC_WARN_ABOUT_RETURN_TYPE = YES_ERROR;
				GCC_WARN_UNDECLARED_SELECTOR = YES;
				GCC_WARN_UNINITIALIZED_AUTOS = YES_AGGRESSIVE;
				GCC_WARN_UNUSED_FUNCTION = YES;
				GCC_WARN_UNUSED_VARIABLE = YES;
				MACOSX_DEPLOYMENT_TARGET = 12.0;
				MTL_ENABLE_DEBUG_INFO = NO;
				MTL_FAST_MATH = YES;
				SDKROOT = macosx;
				SWIFT_COMPILATION_MODE = wholemodule;
				SWIFT_OPTIMIZATION_LEVEL = "-O";
			};
			name = Release;
		};
		FA18C03E274195DB006069D0 /* Debug */ = {
			isa = XCBuildConfiguration;
			buildSettings = {
				CODE_SIGN_ENTITLEMENTS = "Save to Liksort Extension/Save_to_Liksort_Extension.entitlements";
				CODE_SIGN_STYLE = Automatic;
				CURRENT_PROJECT_VERSION = 1;
				DEVELOPMENT_TEAM = 894WNW97KQ;
				ENABLE_HARDENED_RUNTIME = YES;
				GENERATE_INFOPLIST_FILE = YES;
				INFOPLIST_FILE = "Save to Liksort Extension/Info.plist";
				INFOPLIST_KEY_CFBundleDisplayName = "Save to Liksort Extension";
				INFOPLIST_KEY_NSHumanReadableCopyright = "";
				LD_RUNPATH_SEARCH_PATHS = (
					"$(inherited)",
					"@executable_path/../Frameworks",
					"@executable_path/../../../../Frameworks",
				);
				MACOSX_DEPLOYMENT_TARGET = 10.14;
				MARKETING_VERSION = 1.0;
				OTHER_LDFLAGS = (
					"-framework",
					SafariServices,
				);
				PRODUCT_BUNDLE_IDENTIFIER = "com.linksort.Save-to-Liksort.Extension";
				PRODUCT_NAME = "$(TARGET_NAME)";
				SKIP_INSTALL = YES;
				SWIFT_EMIT_LOC_STRINGS = YES;
				SWIFT_VERSION = 5.0;
			};
			name = Debug;
		};
		FA18C03F274195DB006069D0 /* Release */ = {
			isa = XCBuildConfiguration;
			buildSettings = {
				CODE_SIGN_ENTITLEMENTS = "Save to Liksort Extension/Save_to_Liksort_Extension.entitlements";
				CODE_SIGN_STYLE = Automatic;
				CURRENT_PROJECT_VERSION = 1;
				DEVELOPMENT_TEAM = 894WNW97KQ;
				ENABLE_HARDENED_RUNTIME = YES;
				GENERATE_INFOPLIST_FILE = YES;
				INFOPLIST_FILE = "Save to Liksort Extension/Info.plist";
				INFOPLIST_KEY_CFBundleDisplayName = "Save to Liksort Extension";
				INFOPLIST_KEY_NSHumanReadableCopyright = "";
				LD_RUNPATH_SEARCH_PATHS = (
					"$(inherited)",
					"@executable_path/../Frameworks",
					"@executable_path/../../../../Frameworks",
				);
				MACOSX_DEPLOYMENT_TARGET = 10.14;
				MARKETING_VERSION = 1.0;
				OTHER_LDFLAGS = (
					"-framework",
					SafariServices,
				);
				PRODUCT_BUNDLE_IDENTIFIER = "com.linksort.Save-to-Liksort.Extension";
				PRODUCT_NAME = "$(TARGET_NAME)";
				SKIP_INSTALL = YES;
				SWIFT_EMIT_LOC_STRINGS = YES;
				SWIFT_VERSION = 5.0;
			};
			name = Release;
		};
		FA18C042274195DB006069D0 /* Debug */ = {
			isa = XCBuildConfiguration;
			buildSettings = {
				ALWAYS_EMBED_SWIFT_STANDARD_LIBRARIES = YES;
				ASSETCATALOG_COMPILER_APPICON_NAME = AppIcon;
				ASSETCATALOG_COMPILER_GLOBAL_ACCENT_COLOR_NAME = AccentColor;
				CODE_SIGN_ENTITLEMENTS = "Save to Liksort/Save to Liksort.entitlements";
				CODE_SIGN_STYLE = Automatic;
				COMBINE_HIDPI_IMAGES = YES;
				CURRENT_PROJECT_VERSION = 1;
				DEVELOPMENT_TEAM = 894WNW97KQ;
				ENABLE_HARDENED_RUNTIME = YES;
				GENERATE_INFOPLIST_FILE = YES;
				INFOPLIST_KEY_CFBundleDisplayName = "Save to Liksort";
				INFOPLIST_KEY_LSApplicationCategoryType = "public.app-category.productivity";
				INFOPLIST_KEY_NSHumanReadableCopyright = "";
				INFOPLIST_KEY_NSMainStoryboardFile = Main;
				INFOPLIST_KEY_NSPrincipalClass = NSApplication;
				LD_RUNPATH_SEARCH_PATHS = (
					"$(inherited)",
					"@executable_path/../Frameworks",
				);
				MACOSX_DEPLOYMENT_TARGET = 10.14;
				MARKETING_VERSION = 1.0;
				OTHER_LDFLAGS = (
					"-framework",
					SafariServices,
					"-framework",
					WebKit,
				);
				PRODUCT_BUNDLE_IDENTIFIER = "com.linksort.Save-to-Liksort";
				PRODUCT_NAME = "$(TARGET_NAME)";
				SWIFT_EMIT_LOC_STRINGS = YES;
				SWIFT_VERSION = 5.0;
			};
			name = Debug;
		};
		FA18C043274195DB006069D0 /* Release */ = {
			isa = XCBuildConfiguration;
			buildSettings = {
				ALWAYS_EMBED_SWIFT_STANDARD_LIBRARIES = YES;
				ASSETCATALOG_COMPILER_APPICON_NAME = AppIcon;
				ASSETCATALOG_COMPILER_GLOBAL_ACCENT_COLOR_NAME = AccentColor;
				CODE_SIGN_ENTITLEMENTS = "Save to Liksort/Save to Liksort.entitlements";
				CODE_SIGN_STYLE = Automatic;
				COMBINE_HIDPI_IMAGES = YES;
				CURRENT_PROJECT_VERSION = 1;
				DEVELOPMENT_TEAM = 894WNW97KQ;
				ENABLE_HARDENED_RUNTIME = YES;
				GENERATE_INFOPLIST_FILE = YES;
				INFOPLIST_KEY_CFBundleDisplayName = "Save to Liksort";
				INFOPLIST_KEY_LSApplicationCategoryType = "public.app-category.productivity";
				INFOPLIST_KEY_NSHumanReadableCopyright = "";
				INFOPLIST_KEY_NSMainStoryboardFile = Main;
				INFOPLIST_KEY_NSPrincipalClass = NSApplication;
				LD_RUNPATH_SEARCH_PATHS = (
					"$(inherited)",
					"@executable_path/../Frameworks",
				);
				MACOSX_DEPLOYMENT_TARGET = 10.14;
				MARKETING_VERSION = 1.0;
				OTHER_LDFLAGS = (
					"-framework",
					SafariServices,
					"-framework",
					WebKit,
				);
				PRODUCT_BUNDLE_IDENTIFIER = "com.linksort.Save-to-Liksort";
				PRODUCT_NAME = "$(TARGET_NAME)";
				SWIFT_EMIT_LOC_STRINGS = YES;
				SWIFT_VERSION = 5.0;
			};
			name = Release;
		};
/* End XCBuildConfiguration section */

/* Begin XCConfigurationList section */
		FA18C000274195DA006069D0 /* Build configuration list for PBXProject "Save to Liksort" */ = {
			isa = XCConfigurationList;
			buildConfigurations = (
				FA18C03B274195DB006069D0 /* Debug */,
				FA18C03C274195DB006069D0 /* Release */,
			);
			defaultConfigurationIsVisible = 0;
			defaultConfigurationName = Release;
		};
		FA18C03D274195DB006069D0 /* Build configuration list for PBXNativeTarget "Save to Liksort Extension" */ = {
			isa = XCConfigurationList;
			buildConfigurations = (
				FA18C03E274195DB006069D0 /* Debug */,
				FA18C03F274195DB006069D0 /* Release */,
			);
			defaultConfigurationIsVisible = 0;
			defaultConfigurationName = Release;
		};
		FA18C041274195DB006069D0 /* Build configuration list for PBXNativeTarget "Save to Liksort" */ = {
			isa = XCConfigurationList;
			buildConfigurations = (
				FA18C042274195DB006069D0 /* Debug */,
				FA18C043274195DB006069D0 /* Release */,
			);
			defaultConfigurationIsVisible = 0;
			defaultConfigurationName = Release;
		};
/* End XCConfigurationList section */
	};
	rootObject = FA18BFFD274195DA006069D0 /* Project object */;
}
